
Microsoft Visual Studio Solution File, Format Version 12.00
# Visual Studio 15
VisualStudioVersion = 15.0.26228.9
MinimumVisualStudioVersion = 10.0.40219.1
Project("{FAE04EC0-301F-11D3-BF4B-00C04F79EFBC}") = "ConsoleApp1", "ConsoleApp1\ConsoleApp1.csproj", "{BD59C053-1D2B-46CC-9FAC-6E83D5D7BF91}"
EndProject
Global
	GlobalSection(SolutionConfigurationPlatforms) = preSolution
		Debug|Any CPU = Debug|Any CPU
		Release|Any CPU = Release|Any CPU
	EndGlobalSection
	GlobalSection(ProjectConfigurationPlatforms) = postSolution
		{BD59C053-1D2B-46CC-9FAC-6E83D5D7BF91}.Debug|Any CPU.ActiveCfg = Debug|Any CPU
		{BD59C053-1D2B-46CC-9FAC-6E83D5D7BF91}.Debug|Any CPU.Build.0 = Debug|Any CPU
		{BD59C053-1D2B-46CC-9FAC-6E83D5D7BF91}.Release|Any CPU.ActiveCfg = Release|Any CPU
		{BD59C053-1D2B-46CC-9FAC-6E83D5D7BF91}.Release|Any CPU.Build.0 = Release|Any CPU
	EndGlobalSection
	GlobalSection(SolutionProperties) = preSolution
		HideSolutionNode = FALSE
	EndGlobalSection
EndGlobal
